
Microsoft Visual Studio Solution File, Format Version 12.00
# Visual Studio 2013
VisualStudioVersion = 12.0.31101.0
MinimumVisualStudioVersion = 10.0.40219.1
Project("{FAE04EC0-301F-11D3-BF4B-00C04F79EFBC}") = "Mozart", "Mozart\Mozart.csproj", "{AB193C41-9C7C-4368-84EF-7AB7C0C0DE47}"
EndProject
Project("{FAE04EC0-301F-11D3-BF4B-00C04F79EFBC}") = "Mozart.Tests", "Mozart.Tests\Mozart.Tests.csproj", "{23495D5D-A71D-4660-B3EB-22BEE70D64C8}"
EndProject
Project("{FAE04EC0-301F-11D3-BF4B-00C04F79EFBC}") = "Mozart.Playground", "Mozart.Playground\Mozart.Playground.csproj", "{37478868-9687-41C5-9113-B9FCD72F8D9A}"
EndProject
Project("{2150E333-8FDC-42A3-9474-1A3956D46DE8}") = "SolutionItems", "SolutionItems", "{F9152AD7-17BF-4C69-A81B-3D807899C56E}"
	ProjectSection(SolutionItems) = preProject
		API.txt = API.txt
	EndProjectSection
EndProject
Project("{FAE04EC0-301F-11D3-BF4B-00C04F79EFBC}") = "OldPluginsFW", "OldPluginsFW\OldPluginsFW.csproj", "{82E5486F-5C25-48A5-9CFD-506B87BA5AA3}"
EndProject
Global
	GlobalSection(SolutionConfigurationPlatforms) = preSolution
		Debug|Any CPU = Debug|Any CPU
		Release|Any CPU = Release|Any CPU
	EndGlobalSection
	GlobalSection(ProjectConfigurationPlatforms) = postSolution
		{AB193C41-9C7C-4368-84EF-7AB7C0C0DE47}.Debug|Any CPU.ActiveCfg = Debug|Any CPU
		{AB193C41-9C7C-4368-84EF-7AB7C0C0DE47}.Debug|Any CPU.Build.0 = Debug|Any CPU
		{AB193C41-9C7C-4368-84EF-7AB7C0C0DE47}.Release|Any CPU.ActiveCfg = Release|Any CPU
		{AB193C41-9C7C-4368-84EF-7AB7C0C0DE47}.Release|Any CPU.Build.0 = Release|Any CPU
		{23495D5D-A71D-4660-B3EB-22BEE70D64C8}.Debug|Any CPU.ActiveCfg = Debug|Any CPU
		{23495D5D-A71D-4660-B3EB-22BEE70D64C8}.Debug|Any CPU.Build.0 = Debug|Any CPU
		{23495D5D-A71D-4660-B3EB-22BEE70D64C8}.Release|Any CPU.ActiveCfg = Release|Any CPU
		{23495D5D-A71D-4660-B3EB-22BEE70D64C8}.Release|Any CPU.Build.0 = Release|Any CPU
		{37478868-9687-41C5-9113-B9FCD72F8D9A}.Debug|Any CPU.ActiveCfg = Debug|Any CPU
		{37478868-9687-41C5-9113-B9FCD72F8D9A}.Debug|Any CPU.Build.0 = Debug|Any CPU
		{37478868-9687-41C5-9113-B9FCD72F8D9A}.Release|Any CPU.ActiveCfg = Release|Any CPU
		{37478868-9687-41C5-9113-B9FCD72F8D9A}.Release|Any CPU.Build.0 = Release|Any CPU
		{82E5486F-5C25-48A5-9CFD-506B87BA5AA3}.Debug|Any CPU.ActiveCfg = Debug|Any CPU
		{82E5486F-5C25-48A5-9CFD-506B87BA5AA3}.Debug|Any CPU.Build.0 = Debug|Any CPU
		{82E5486F-5C25-48A5-9CFD-506B87BA5AA3}.Release|Any CPU.ActiveCfg = Release|Any CPU
		{82E5486F-5C25-48A5-9CFD-506B87BA5AA3}.Release|Any CPU.Build.0 = Release|Any CPU
	EndGlobalSection
	GlobalSection(SolutionProperties) = preSolution
		HideSolutionNode = FALSE
	EndGlobalSection
EndGlobal
